schema: '2.0'
stages:
  preprocess:
    cmd: python src/preprocess.py
    deps:
    - path: data/raw
      md5: 3bfeebf2c37326d005f438d475e57d96.dir
      size: 1156736
      nfiles: 1
    outs:
    - path: data/preprocessed/hour_clean.csv
      md5: 2ff039c43fbc37224e56877cfd8ea9f4
      size: 634940
  split:
    cmd: python src/split.py
    deps:
    - path: data/preprocessed/hour_clean.csv
      md5: 2ff039c43fbc37224e56877cfd8ea9f4
      size: 634940
    - path: src/preprocess.py
      md5: 9fbf189d78a0851c5cbb3ea2fb3c4d70
      size: 772
    params:
      params.yaml:
        split.ratio: 0.2
    outs:
    - path: data/preprocessed/test.csv
      md5: c93b9b38dc9208314aef0ec6d73d316b
      size: 127064
    - path: data/preprocessed/train.csv
      md5: ddde0db611cf8e4d7e1992f6f7b83fd7
      size: 507955
  train:
    cmd: python src/train.py
    deps:
    - path: data/preprocessed/test.csv
      md5: c93b9b38dc9208314aef0ec6d73d316b
      size: 127064
    - path: data/preprocessed/train.csv
      md5: ddde0db611cf8e4d7e1992f6f7b83fd7
      size: 507955
    outs:
    - path: evaluation/metrics.json
      md5: dee340cd3d0ce9c9ca8fe0bb1cb1fa93
      size: 75
    - path: model/catboost.pickle
      md5: fdaaca737248f89219cc6f3c3621f83b
      size: 841410
