schema: '2.0'
stages:
  preprocess:
    cmd: python src/preprocess.py
    deps:
    - path: data/raw
      md5: 3bfeebf2c37326d005f438d475e57d96.dir
      size: 1156736
      nfiles: 1
    - path: src/config/config_path.py
      md5: 26786bf2f2be6a86322a0f5ea171e23f
      size: 350
    outs:
    - path: data/preprocessed/hour.parquet
      md5: da14fdc237235aaea4d59dc85a2b3cc4
      size: 206096
  train:
    cmd: python src/train.py
    deps:
    - path: data/preprocessed/hour.parquet
      md5: da14fdc237235aaea4d59dc85a2b3cc4
      size: 206096
    - path: src/config/config_path.py
      md5: 26786bf2f2be6a86322a0f5ea171e23f
      size: 350
    params:
      params.yaml:
        split.ratio: 0.2
    outs:
    - path: model/catboost.pickle
      md5: ab6538684cb3571a66864646cfee6c0e
      size: 1376210
  evaluate:
    cmd: python src/evaluate.py
    deps:
    - path: data/preprocessed/hour.parquet
      md5: da14fdc237235aaea4d59dc85a2b3cc4
      size: 206096
    - path: model/catboost.pickle
      md5: ab6538684cb3571a66864646cfee6c0e
      size: 1376210
    outs:
    - path: evaluation/metrics.json
      md5: 8fd91d1c8eb335802d2b097c527873a9
      size: 74
