schema: '2.0'
stages:
  preprocess:
    cmd: python src/preprocess.py
    deps:
    - path: data/raw
      md5: 3bfeebf2c37326d005f438d475e57d96.dir
      size: 1156736
      nfiles: 1
    outs:
    - path: data/preprocessed/hour.parquet
      md5: da14fdc237235aaea4d59dc85a2b3cc4
      size: 206096
  train:
    cmd: python src/train.py
    deps:
    - path: data/preprocessed/hour.parquet
      md5: da14fdc237235aaea4d59dc85a2b3cc4
      size: 206096
    params:
      params.yaml:
        split.ratio: 0.2
    outs:
    - path: model/catboost.pickle
      md5: 1b5ed787e1cae982224b1a90634bae8c
      size: 1376210
  evaluate:
    cmd: python src/evaluate.py
    deps:
    - path: data/preprocessed/hour.parquet
      md5: da14fdc237235aaea4d59dc85a2b3cc4
      size: 206096
    - path: model/catboost.pickle
      md5: 1b5ed787e1cae982224b1a90634bae8c
      size: 1376210
    outs:
    - path: evaluation/metrics.json
      md5: 8fd91d1c8eb335802d2b097c527873a9
      size: 74
